{
  "name": "wtv",
  "version": "0.0.1",
  "lockfileVersion": 1,
  "requires": true,
  "dependencies": {
    "hyperapp": {
      "version": "2.0.4",
      "resolved": "https://registry.npmjs.org/hyperapp/-/hyperapp-2.0.4.tgz",
      "integrity": "sha512-1S0KIsyB97S/hH84GkuYjH/hmpnNQ546x16o+W7g/PnszxRPudJlwwGBKKnaRVL7x+dyevvuX4XLH67FooEt4w=="
    },
    "shades": {
      "version": "2.1.0",
      "resolved": "https://registry.npmjs.org/shades/-/shades-2.1.0.tgz",
      "integrity": "sha512-6D+4+lPBjc95ptStD9PzOfrEc2d7zwxWVn2SFEbYaI4EXB5+tcChhyGwOEvbEjGb+d1QS44AcYcSYgWNz5grzg=="
    }
  }
}
